PODS:
  - SnapKit (5.6.0)
  - SwiftLint (0.49.1)

DEPENDENCIES:
  - SnapKit
  - SwiftLint

SPEC REPOS:
  trunk:
    - SnapKit
    - SwiftLint

SPEC CHECKSUMS:
  SnapKit: e01d52ebb8ddbc333eefe2132acf85c8227d9c25
  SwiftLint: 32ee33ded0636d0905ef6911b2b67bbaeeedafa5

PODFILE CHECKSUM: 54fb5f877c4b7a31d67b26575d75336d3426b0f7

COCOAPODS: 1.10.1
