// !$*UTF8*$!
{
	archiveVersion = 1;
	classes = {
	};
	objectVersion = 56;
	objects = {

/* Begin PBXBuildFile section */
		993114BDE4795BCE46B9BDA6 /* Pods_Jobs.framework in Frameworks */ = {isa = PBXBuildFile; fileRef = 783B0B705607F35E4BA28AE4 /* Pods_Jobs.framework */; };
		A200F973291E9B5000A44826 /* VacancyModel.swift in Sources */ = {isa = PBXBuildFile; fileRef = A200F972291E9B5000A44826 /* VacancyModel.swift */; };
		A20427B9290D4FEE0050AB56 /* SearchFilterTextFieldTableViewCell.swift in Sources */ = {isa = PBXBuildFile; fileRef = A20427B8290D4FEE0050AB56 /* SearchFilterTextFieldTableViewCell.swift */; };
		A231D3012921914A00555F1A /* ResponseModel.swift in Sources */ = {isa = PBXBuildFile; fileRef = A231D3002921914A00555F1A /* ResponseModel.swift */; };
		A231D3032921947F00555F1A /* ResponseStatusView.swift in Sources */ = {isa = PBXBuildFile; fileRef = A231D3022921947F00555F1A /* ResponseStatusView.swift */; };
		A2467E212910605600AE9F98 /* ChatTableViewCell.swift in Sources */ = {isa = PBXBuildFile; fileRef = A2467E202910605600AE9F98 /* ChatTableViewCell.swift */; };
		A249B56828FEF42B00B0F0DF /* SearchCoordinator.swift in Sources */ = {isa = PBXBuildFile; fileRef = A249B56728FEF42B00B0F0DF /* SearchCoordinator.swift */; };
		A249B56A28FEF43900B0F0DF /* FavouritesCoordinator.swift in Sources */ = {isa = PBXBuildFile; fileRef = A249B56928FEF43900B0F0DF /* FavouritesCoordinator.swift */; };
		A249B56C28FF2F4C00B0F0DF /* ICoordinator.swift in Sources */ = {isa = PBXBuildFile; fileRef = A249B56B28FF2F4C00B0F0DF /* ICoordinator.swift */; };
		A249B57E28FFE5B100B0F0DF /* AuthRegisterViewController.swift in Sources */ = {isa = PBXBuildFile; fileRef = A249B57D28FFE5B100B0F0DF /* AuthRegisterViewController.swift */; };
		A24DEC2B28FEB27E007B1BA1 /* AppCoordinator.swift in Sources */ = {isa = PBXBuildFile; fileRef = A24DEC2A28FEB27E007B1BA1 /* AppCoordinator.swift */; };
		A24DEC2D28FEC698007B1BA1 /* AuthCoordinator.swift in Sources */ = {isa = PBXBuildFile; fileRef = A24DEC2C28FEC698007B1BA1 /* AuthCoordinator.swift */; };
		A24DEC2F28FEC6B5007B1BA1 /* MainCoordinator.swift in Sources */ = {isa = PBXBuildFile; fileRef = A24DEC2E28FEC6B4007B1BA1 /* MainCoordinator.swift */; };
		A24DEC3128FEED09007B1BA1 /* SearchVacanciesViewController.swift in Sources */ = {isa = PBXBuildFile; fileRef = A24DEC3028FEED09007B1BA1 /* SearchVacanciesViewController.swift */; };
		A24DEC3328FEED14007B1BA1 /* FavouritesViewController.swift in Sources */ = {isa = PBXBuildFile; fileRef = A24DEC3228FEED14007B1BA1 /* FavouritesViewController.swift */; };
		A2692C95291A7DE30099D07D /* ProfileMainInfoTableViewCell.swift in Sources */ = {isa = PBXBuildFile; fileRef = A2692C94291A7DE30099D07D /* ProfileMainInfoTableViewCell.swift */; };
		A2692C98291A828F0099D07D /* ProfileEditWorkExperienceViewController.swift in Sources */ = {isa = PBXBuildFile; fileRef = A2692C97291A828F0099D07D /* ProfileEditWorkExperienceViewController.swift */; };
		A26C200A29182A700097B124 /* ProfileEditViewController.swift in Sources */ = {isa = PBXBuildFile; fileRef = A26C200929182A700097B124 /* ProfileEditViewController.swift */; };
		A27367D02902D05D00F62F29 /* AuthForgotPasswordViewController.swift in Sources */ = {isa = PBXBuildFile; fileRef = A27367CF2902D05D00F62F29 /* AuthForgotPasswordViewController.swift */; };
		A27367D42902D3E200F62F29 /* GrayBorderedTextField.swift in Sources */ = {isa = PBXBuildFile; fileRef = A27367D32902D3E200F62F29 /* GrayBorderedTextField.swift */; };
		A27367D62902FAA800F62F29 /* BlueRoundedButton.swift in Sources */ = {isa = PBXBuildFile; fileRef = A27367D52902FAA800F62F29 /* BlueRoundedButton.swift */; };
		A27367D82903005800F62F29 /* Constant.swift in Sources */ = {isa = PBXBuildFile; fileRef = A27367D72903005800F62F29 /* Constant.swift */; };
		A279E104290D3ABA00236776 /* SearchFilterViewController.swift in Sources */ = {isa = PBXBuildFile; fileRef = A279E103290D3ABA00236776 /* SearchFilterViewController.swift */; };
		A28E6425290438DE007E429F /* ResponsesMainViewController.swift in Sources */ = {isa = PBXBuildFile; fileRef = A28E6424290438DE007E429F /* ResponsesMainViewController.swift */; };
		A28E6427290438E6007E429F /* MessagesMainViewController.swift in Sources */ = {isa = PBXBuildFile; fileRef = A28E6426290438E6007E429F /* MessagesMainViewController.swift */; };
		A28E6429290438ED007E429F /* ProfileMainViewController.swift in Sources */ = {isa = PBXBuildFile; fileRef = A28E6428290438ED007E429F /* ProfileMainViewController.swift */; };
		A28E642B290552D1007E429F /* ResponsesCoordinator.swift in Sources */ = {isa = PBXBuildFile; fileRef = A28E642A290552D1007E429F /* ResponsesCoordinator.swift */; };
		A28E642D290552DD007E429F /* MessagesCoordinator.swift in Sources */ = {isa = PBXBuildFile; fileRef = A28E642C290552DD007E429F /* MessagesCoordinator.swift */; };
		A28E642F290552EE007E429F /* ProfileCoordinator.swift in Sources */ = {isa = PBXBuildFile; fileRef = A28E642E290552EE007E429F /* ProfileCoordinator.swift */; };
		A28E643129055A00007E429F /* ContinueWithView.swift in Sources */ = {isa = PBXBuildFile; fileRef = A28E643029055A00007E429F /* ContinueWithView.swift */; };
		A29895672920E2DF00C6A7DC /* FilterModel.swift in Sources */ = {isa = PBXBuildFile; fileRef = A29895662920E2DF00C6A7DC /* FilterModel.swift */; };
		A29A98B22905A45A0069C682 /* AdaptiveLayoutHelper.swift in Sources */ = {isa = PBXBuildFile; fileRef = A29A98B12905A45A0069C682 /* AdaptiveLayoutHelper.swift */; };
		A29A98B42905A4BD0069C682 /* IntExtension.swift in Sources */ = {isa = PBXBuildFile; fileRef = A29A98B32905A4BD0069C682 /* IntExtension.swift */; };
		A29A98B62905A4D90069C682 /* ArrayExtension.swift in Sources */ = {isa = PBXBuildFile; fileRef = A29A98B52905A4D90069C682 /* ArrayExtension.swift */; };
		A29A98B92905A5110069C682 /* Dimension.swift in Sources */ = {isa = PBXBuildFile; fileRef = A29A98B82905A5110069C682 /* Dimension.swift */; };
		A29A98BB2905A5600069C682 /* Device.swift in Sources */ = {isa = PBXBuildFile; fileRef = A29A98BA2905A5600069C682 /* Device.swift */; };
		A2AAD53329154E950008D729 /* SearchFilterTableHeaderView.swift in Sources */ = {isa = PBXBuildFile; fileRef = A2AAD53229154E950008D729 /* SearchFilterTableHeaderView.swift */; };
		A2AAD535291557D10008D729 /* ResponseTableViewCell.swift in Sources */ = {isa = PBXBuildFile; fileRef = A2AAD534291557D10008D729 /* ResponseTableViewCell.swift */; };
		A2C06A0229118AF800DC8E5D /* ProfileMainHeaderView.swift in Sources */ = {isa = PBXBuildFile; fileRef = A2C06A0129118AF800DC8E5D /* ProfileMainHeaderView.swift */; };
		A2C20FE3291A79A70045FB54 /* WorkExperienceView.swift in Sources */ = {isa = PBXBuildFile; fileRef = A2C20FE2291A79A70045FB54 /* WorkExperienceView.swift */; };
		A2D74E7529191C0400EBBFF2 /* ProfileMainTableSectionHeaderView.swift in Sources */ = {isa = PBXBuildFile; fileRef = A2D74E7429191C0400EBBFF2 /* ProfileMainTableSectionHeaderView.swift */; };
		A2E6BBE82903DC6F002D0586 /* VacancyTableViewCell.swift in Sources */ = {isa = PBXBuildFile; fileRef = A2E6BBE72903DC6F002D0586 /* VacancyTableViewCell.swift */; };
		A2E6DE582902720300269339 /* AuthLoginViewController.swift in Sources */ = {isa = PBXBuildFile; fileRef = A2E6DE572902720300269339 /* AuthLoginViewController.swift */; };
		A2E8ECEF290D6FAA00B3EEAC /* SearchFilterTagListTableViewCell.swift in Sources */ = {isa = PBXBuildFile; fileRef = A2E8ECEE290D6FAA00B3EEAC /* SearchFilterTagListTableViewCell.swift */; };
		A2E8ECF3290D708000B3EEAC /* TagView.swift in Sources */ = {isa = PBXBuildFile; fileRef = A2E8ECF2290D708000B3EEAC /* TagView.swift */; };
		A2E8ECF5290DB05900B3EEAC /* SearchFilterTagViewCollectionViewCell.swift in Sources */ = {isa = PBXBuildFile; fileRef = A2E8ECF4290DB05900B3EEAC /* SearchFilterTagViewCollectionViewCell.swift */; };
		A2F94B5228FD710B0010FF47 /* AppDelegate.swift in Sources */ = {isa = PBXBuildFile; fileRef = A2F94B5128FD710B0010FF47 /* AppDelegate.swift */; };
		A2F94B5428FD710B0010FF47 /* SceneDelegate.swift in Sources */ = {isa = PBXBuildFile; fileRef = A2F94B5328FD710B0010FF47 /* SceneDelegate.swift */; };
		A2F94B5B28FD710D0010FF47 /* Assets.xcassets in Resources */ = {isa = PBXBuildFile; fileRef = A2F94B5A28FD710D0010FF47 /* Assets.xcassets */; };
		A2F94B5E28FD710D0010FF47 /* LaunchScreen.storyboard in Resources */ = {isa = PBXBuildFile; fileRef = A2F94B5C28FD710D0010FF47 /* LaunchScreen.storyboard */; };
		A2FDCF60290560DA00D9E911 /* ExternalAuthButton.swift in Sources */ = {isa = PBXBuildFile; fileRef = A2FDCF5F290560DA00D9E911 /* ExternalAuthButton.swift */; };
		A2FDCF6229056AD000D9E911 /* AuthBottomReferenceView.swift in Sources */ = {isa = PBXBuildFile; fileRef = A2FDCF6129056AD000D9E911 /* AuthBottomReferenceView.swift */; };
/* End PBXBuildFile section */

/* Begin PBXFileReference section */
		67489DC3B888F0229EE9FC10 /* Pods-Jobs.release.xcconfig */ = {isa = PBXFileReference; includeInIndex = 1; lastKnownFileType = text.xcconfig; name = "Pods-Jobs.release.xcconfig"; path = "Target Support Files/Pods-Jobs/Pods-Jobs.release.xcconfig"; sourceTree = "<group>"; };
		783B0B705607F35E4BA28AE4 /* Pods_Jobs.framework */ = {isa = PBXFileReference; explicitFileType = wrapper.framework; includeInIndex = 0; path = Pods_Jobs.framework; sourceTree = BUILT_PRODUCTS_DIR; };
		A200F972291E9B5000A44826 /* VacancyModel.swift */ = {isa = PBXFileReference; lastKnownFileType = sourcecode.swift; path = VacancyModel.swift; sourceTree = "<group>"; };
		A20427B8290D4FEE0050AB56 /* SearchFilterTextFieldTableViewCell.swift */ = {isa = PBXFileReference; lastKnownFileType = sourcecode.swift; path = SearchFilterTextFieldTableViewCell.swift; sourceTree = "<group>"; };
		A231D3002921914A00555F1A /* ResponseModel.swift */ = {isa = PBXFileReference; lastKnownFileType = sourcecode.swift; path = ResponseModel.swift; sourceTree = "<group>"; };
		A231D3022921947F00555F1A /* ResponseStatusView.swift */ = {isa = PBXFileReference; lastKnownFileType = sourcecode.swift; path = ResponseStatusView.swift; sourceTree = "<group>"; };
		A2467E202910605600AE9F98 /* ChatTableViewCell.swift */ = {isa = PBXFileReference; lastKnownFileType = sourcecode.swift; path = ChatTableViewCell.swift; sourceTree = "<group>"; };
		A249B56728FEF42B00B0F0DF /* SearchCoordinator.swift */ = {isa = PBXFileReference; lastKnownFileType = sourcecode.swift; path = SearchCoordinator.swift; sourceTree = "<group>"; };
		A249B56928FEF43900B0F0DF /* FavouritesCoordinator.swift */ = {isa = PBXFileReference; lastKnownFileType = sourcecode.swift; path = FavouritesCoordinator.swift; sourceTree = "<group>"; };
		A249B56B28FF2F4C00B0F0DF /* ICoordinator.swift */ = {isa = PBXFileReference; lastKnownFileType = sourcecode.swift; path = ICoordinator.swift; sourceTree = "<group>"; };
		A249B57D28FFE5B100B0F0DF /* AuthRegisterViewController.swift */ = {isa = PBXFileReference; lastKnownFileType = sourcecode.swift; path = AuthRegisterViewController.swift; sourceTree = "<group>"; };
		A24DEC2A28FEB27E007B1BA1 /* AppCoordinator.swift */ = {isa = PBXFileReference; lastKnownFileType = sourcecode.swift; path = AppCoordinator.swift; sourceTree = "<group>"; };
		A24DEC2C28FEC698007B1BA1 /* AuthCoordinator.swift */ = {isa = PBXFileReference; lastKnownFileType = sourcecode.swift; path = AuthCoordinator.swift; sourceTree = "<group>"; };
		A24DEC2E28FEC6B4007B1BA1 /* MainCoordinator.swift */ = {isa = PBXFileReference; lastKnownFileType = sourcecode.swift; path = MainCoordinator.swift; sourceTree = "<group>"; };
		A24DEC3028FEED09007B1BA1 /* SearchVacanciesViewController.swift */ = {isa = PBXFileReference; lastKnownFileType = sourcecode.swift; path = SearchVacanciesViewController.swift; sourceTree = "<group>"; };
		A24DEC3228FEED14007B1BA1 /* FavouritesViewController.swift */ = {isa = PBXFileReference; lastKnownFileType = sourcecode.swift; path = FavouritesViewController.swift; sourceTree = "<group>"; };
		A2692C94291A7DE30099D07D /* ProfileMainInfoTableViewCell.swift */ = {isa = PBXFileReference; lastKnownFileType = sourcecode.swift; path = ProfileMainInfoTableViewCell.swift; sourceTree = "<group>"; };
		A2692C97291A828F0099D07D /* ProfileEditWorkExperienceViewController.swift */ = {isa = PBXFileReference; lastKnownFileType = sourcecode.swift; path = ProfileEditWorkExperienceViewController.swift; sourceTree = "<group>"; };
		A26C200929182A700097B124 /* ProfileEditViewController.swift */ = {isa = PBXFileReference; lastKnownFileType = sourcecode.swift; path = ProfileEditViewController.swift; sourceTree = "<group>"; };
		A27367CF2902D05D00F62F29 /* AuthForgotPasswordViewController.swift */ = {isa = PBXFileReference; lastKnownFileType = sourcecode.swift; path = AuthForgotPasswordViewController.swift; sourceTree = "<group>"; };
		A27367D32902D3E200F62F29 /* GrayBorderedTextField.swift */ = {isa = PBXFileReference; lastKnownFileType = sourcecode.swift; path = GrayBorderedTextField.swift; sourceTree = "<group>"; };
		A27367D52902FAA800F62F29 /* BlueRoundedButton.swift */ = {isa = PBXFileReference; lastKnownFileType = sourcecode.swift; path = BlueRoundedButton.swift; sourceTree = "<group>"; };
		A27367D72903005800F62F29 /* Constant.swift */ = {isa = PBXFileReference; lastKnownFileType = sourcecode.swift; path = Constant.swift; sourceTree = "<group>"; };
		A279E103290D3ABA00236776 /* SearchFilterViewController.swift */ = {isa = PBXFileReference; lastKnownFileType = sourcecode.swift; path = SearchFilterViewController.swift; sourceTree = "<group>"; };
		A28E6424290438DE007E429F /* ResponsesMainViewController.swift */ = {isa = PBXFileReference; lastKnownFileType = sourcecode.swift; path = ResponsesMainViewController.swift; sourceTree = "<group>"; };
		A28E6426290438E6007E429F /* MessagesMainViewController.swift */ = {isa = PBXFileReference; lastKnownFileType = sourcecode.swift; path = MessagesMainViewController.swift; sourceTree = "<group>"; };
		A28E6428290438ED007E429F /* ProfileMainViewController.swift */ = {isa = PBXFileReference; lastKnownFileType = sourcecode.swift; path = ProfileMainViewController.swift; sourceTree = "<group>"; };
		A28E642A290552D1007E429F /* ResponsesCoordinator.swift */ = {isa = PBXFileReference; lastKnownFileType = sourcecode.swift; path = ResponsesCoordinator.swift; sourceTree = "<group>"; };
		A28E642C290552DD007E429F /* MessagesCoordinator.swift */ = {isa = PBXFileReference; lastKnownFileType = sourcecode.swift; path = MessagesCoordinator.swift; sourceTree = "<group>"; };
		A28E642E290552EE007E429F /* ProfileCoordinator.swift */ = {isa = PBXFileReference; lastKnownFileType = sourcecode.swift; path = ProfileCoordinator.swift; sourceTree = "<group>"; };
		A28E643029055A00007E429F /* ContinueWithView.swift */ = {isa = PBXFileReference; lastKnownFileType = sourcecode.swift; path = ContinueWithView.swift; sourceTree = "<group>"; };
		A29895662920E2DF00C6A7DC /* FilterModel.swift */ = {isa = PBXFileReference; lastKnownFileType = sourcecode.swift; path = FilterModel.swift; sourceTree = "<group>"; };
		A29A98B12905A45A0069C682 /* AdaptiveLayoutHelper.swift */ = {isa = PBXFileReference; lastKnownFileType = sourcecode.swift; path = AdaptiveLayoutHelper.swift; sourceTree = "<group>"; };
		A29A98B32905A4BD0069C682 /* IntExtension.swift */ = {isa = PBXFileReference; lastKnownFileType = sourcecode.swift; path = IntExtension.swift; sourceTree = "<group>"; };
		A29A98B52905A4D90069C682 /* ArrayExtension.swift */ = {isa = PBXFileReference; lastKnownFileType = sourcecode.swift; path = ArrayExtension.swift; sourceTree = "<group>"; };
		A29A98B82905A5110069C682 /* Dimension.swift */ = {isa = PBXFileReference; lastKnownFileType = sourcecode.swift; path = Dimension.swift; sourceTree = "<group>"; };
		A29A98BA2905A5600069C682 /* Device.swift */ = {isa = PBXFileReference; lastKnownFileType = sourcecode.swift; path = Device.swift; sourceTree = "<group>"; };
		A2AAD53229154E950008D729 /* SearchFilterTableHeaderView.swift */ = {isa = PBXFileReference; lastKnownFileType = sourcecode.swift; path = SearchFilterTableHeaderView.swift; sourceTree = "<group>"; };
		A2AAD534291557D10008D729 /* ResponseTableViewCell.swift */ = {isa = PBXFileReference; lastKnownFileType = sourcecode.swift; path = ResponseTableViewCell.swift; sourceTree = "<group>"; };
		A2C06A0129118AF800DC8E5D /* ProfileMainHeaderView.swift */ = {isa = PBXFileReference; lastKnownFileType = sourcecode.swift; path = ProfileMainHeaderView.swift; sourceTree = "<group>"; };
		A2C20FE2291A79A70045FB54 /* WorkExperienceView.swift */ = {isa = PBXFileReference; lastKnownFileType = sourcecode.swift; path = WorkExperienceView.swift; sourceTree = "<group>"; };
		A2D74E7429191C0400EBBFF2 /* ProfileMainTableSectionHeaderView.swift */ = {isa = PBXFileReference; lastKnownFileType = sourcecode.swift; path = ProfileMainTableSectionHeaderView.swift; sourceTree = "<group>"; };
		A2E6BBE72903DC6F002D0586 /* VacancyTableViewCell.swift */ = {isa = PBXFileReference; lastKnownFileType = sourcecode.swift; path = VacancyTableViewCell.swift; sourceTree = "<group>"; };
		A2E6DE572902720300269339 /* AuthLoginViewController.swift */ = {isa = PBXFileReference; lastKnownFileType = sourcecode.swift; path = AuthLoginViewController.swift; sourceTree = "<group>"; };
		A2E8ECEE290D6FAA00B3EEAC /* SearchFilterTagListTableViewCell.swift */ = {isa = PBXFileReference; lastKnownFileType = sourcecode.swift; path = SearchFilterTagListTableViewCell.swift; sourceTree = "<group>"; };
		A2E8ECF2290D708000B3EEAC /* TagView.swift */ = {isa = PBXFileReference; lastKnownFileType = sourcecode.swift; path = TagView.swift; sourceTree = "<group>"; };
		A2E8ECF4290DB05900B3EEAC /* SearchFilterTagViewCollectionViewCell.swift */ = {isa = PBXFileReference; lastKnownFileType = sourcecode.swift; path = SearchFilterTagViewCollectionViewCell.swift; sourceTree = "<group>"; };
		A2F94B4E28FD710B0010FF47 /* Jobs.app */ = {isa = PBXFileReference; explicitFileType = wrapper.application; includeInIndex = 0; path = Jobs.app; sourceTree = BUILT_PRODUCTS_DIR; };
		A2F94B5128FD710B0010FF47 /* AppDelegate.swift */ = {isa = PBXFileReference; lastKnownFileType = sourcecode.swift; path = AppDelegate.swift; sourceTree = "<group>"; };
		A2F94B5328FD710B0010FF47 /* SceneDelegate.swift */ = {isa = PBXFileReference; lastKnownFileType = sourcecode.swift; path = SceneDelegate.swift; sourceTree = "<group>"; };
		A2F94B5A28FD710D0010FF47 /* Assets.xcassets */ = {isa = PBXFileReference; lastKnownFileType = folder.assetcatalog; path = Assets.xcassets; sourceTree = "<group>"; };
		A2F94B5D28FD710D0010FF47 /* Base */ = {isa = PBXFileReference; lastKnownFileType = file.storyboard; name = Base; path = Base.lproj/LaunchScreen.storyboard; sourceTree = "<group>"; };
		A2F94B5F28FD710D0010FF47 /* Info.plist */ = {isa = PBXFileReference; lastKnownFileType = text.plist.xml; path = Info.plist; sourceTree = "<group>"; };
		A2FDCF5F290560DA00D9E911 /* ExternalAuthButton.swift */ = {isa = PBXFileReference; lastKnownFileType = sourcecode.swift; path = ExternalAuthButton.swift; sourceTree = "<group>"; };
		A2FDCF6129056AD000D9E911 /* AuthBottomReferenceView.swift */ = {isa = PBXFileReference; lastKnownFileType = sourcecode.swift; path = AuthBottomReferenceView.swift; sourceTree = "<group>"; };
		D3F3A284384B3A880C332A42 /* Pods-Jobs.debug.xcconfig */ = {isa = PBXFileReference; includeInIndex = 1; lastKnownFileType = text.xcconfig; name = "Pods-Jobs.debug.xcconfig"; path = "Target Support Files/Pods-Jobs/Pods-Jobs.debug.xcconfig"; sourceTree = "<group>"; };
/* End PBXFileReference section */

/* Begin PBXFrameworksBuildPhase section */
		A2F94B4B28FD710B0010FF47 /* Frameworks */ = {
			isa = PBXFrameworksBuildPhase;
			buildActionMask = 2147483647;
			files = (
				993114BDE4795BCE46B9BDA6 /* Pods_Jobs.framework in Frameworks */,
			);
			runOnlyForDeploymentPostprocessing = 0;
		};
/* End PBXFrameworksBuildPhase section */

/* Begin PBXGroup section */
		213868F405A3FA4D7295F769 /* Pods */ = {
			isa = PBXGroup;
			children = (
				D3F3A284384B3A880C332A42 /* Pods-Jobs.debug.xcconfig */,
				67489DC3B888F0229EE9FC10 /* Pods-Jobs.release.xcconfig */,
			);
			path = Pods;
			sourceTree = "<group>";
		};
		25059DF4A7730C856EDD813E /* Frameworks */ = {
			isa = PBXGroup;
			children = (
				783B0B705607F35E4BA28AE4 /* Pods_Jobs.framework */,
			);
			name = Frameworks;
			sourceTree = "<group>";
		};
		A200F96F291E9B3000A44826 /* Models */ = {
			isa = PBXGroup;
			children = (
				A200F972291E9B5000A44826 /* VacancyModel.swift */,
				A29895662920E2DF00C6A7DC /* FilterModel.swift */,
				A231D3002921914A00555F1A /* ResponseModel.swift */,
			);
			path = Models;
			sourceTree = "<group>";
		};
		A2467E1F29105F0500AE9F98 /* Main */ = {
			isa = PBXGroup;
			children = (
				A28E6426290438E6007E429F /* MessagesMainViewController.swift */,
				A2467E202910605600AE9F98 /* ChatTableViewCell.swift */,
			);
			path = Main;
			sourceTree = "<group>";
		};
		A249B56D28FF311000B0F0DF /* Common */ = {
			isa = PBXGroup;
			children = (
				A29A98B02905A4470069C682 /* Helpers */,
				A27367D22902D3A200F62F29 /* Resources */,
				A27367D12902D39600F62F29 /* UIView */,
			);
			path = Common;
			sourceTree = "<group>";
		};
		A249B57028FF348A00B0F0DF /* Root */ = {
			isa = PBXGroup;
			children = (
				A24DEC2A28FEB27E007B1BA1 /* AppCoordinator.swift */,
			);
			path = Root;
			sourceTree = "<group>";
		};
		A249B57128FF352C00B0F0DF /* Parent */ = {
			isa = PBXGroup;
			children = (
				A24DEC2C28FEC698007B1BA1 /* AuthCoordinator.swift */,
				A24DEC2E28FEC6B4007B1BA1 /* MainCoordinator.swift */,
			);
			path = Parent;
			sourceTree = "<group>";
		};
		A249B57228FF353D00B0F0DF /* Child */ = {
			isa = PBXGroup;
			children = (
				A249B56728FEF42B00B0F0DF /* SearchCoordinator.swift */,
				A249B56928FEF43900B0F0DF /* FavouritesCoordinator.swift */,
				A28E642A290552D1007E429F /* ResponsesCoordinator.swift */,
				A28E642C290552DD007E429F /* MessagesCoordinator.swift */,
				A28E642E290552EE007E429F /* ProfileCoordinator.swift */,
			);
			path = Child;
			sourceTree = "<group>";
		};
		A249B57328FF355F00B0F0DF /* UI */ = {
			isa = PBXGroup;
			children = (
				A249B57528FF373200B0F0DF /* Screens */,
			);
			path = UI;
			sourceTree = "<group>";
		};
		A249B57428FF358F00B0F0DF /* Extensions */ = {
			isa = PBXGroup;
			children = (
				A29A98B32905A4BD0069C682 /* IntExtension.swift */,
				A29A98B52905A4D90069C682 /* ArrayExtension.swift */,
			);
			path = Extensions;
			sourceTree = "<group>";
		};
		A249B57528FF373200B0F0DF /* Screens */ = {
			isa = PBXGroup;
			children = (
				A2E6BBEE290433C7002D0586 /* Profile */,
				A2E6BBED290433C1002D0586 /* Messages */,
				A2E6BBEC290433AB002D0586 /* Responses */,
				A2E6BBEB290433A3002D0586 /* Favourites */,
				A27367D929031D9700F62F29 /* Search */,
				A249B57628FF374200B0F0DF /* Auth */,
			);
			path = Screens;
			sourceTree = "<group>";
		};
		A249B57628FF374200B0F0DF /* Auth */ = {
			isa = PBXGroup;
			children = (
				A27367CE2902D02800F62F29 /* ForgotPassword */,
				A27367CD2902D01700F62F29 /* Login */,
				A249B57828FF377A00B0F0DF /* Register */,
			);
			path = Auth;
			sourceTree = "<group>";
		};
		A249B57828FF377A00B0F0DF /* Register */ = {
			isa = PBXGroup;
			children = (
				A249B57D28FFE5B100B0F0DF /* AuthRegisterViewController.swift */,
			);
			path = Register;
			sourceTree = "<group>";
		};
		A24DEC2528FDDA11007B1BA1 /* Source */ = {
			isa = PBXGroup;
			children = (
				A200F96F291E9B3000A44826 /* Models */,
				A29A98B72905A5050069C682 /* Enums */,
				A249B56D28FF311000B0F0DF /* Common */,
				A24DEC2828FEAB8F007B1BA1 /* Coordinator */,
				A249B57428FF358F00B0F0DF /* Extensions */,
				A249B57328FF355F00B0F0DF /* UI */,
			);
			path = Source;
			sourceTree = "<group>";
		};
		A24DEC2628FDDA18007B1BA1 /* Resources */ = {
			isa = PBXGroup;
			children = (
				A2F94B5A28FD710D0010FF47 /* Assets.xcassets */,
			);
			path = Resources;
			sourceTree = "<group>";
		};
		A24DEC2728FDDA1E007B1BA1 /* Application */ = {
			isa = PBXGroup;
			children = (
				A2F94B5128FD710B0010FF47 /* AppDelegate.swift */,
				A2F94B5328FD710B0010FF47 /* SceneDelegate.swift */,
			);
			path = Application;
			sourceTree = "<group>";
		};
		A24DEC2828FEAB8F007B1BA1 /* Coordinator */ = {
			isa = PBXGroup;
			children = (
				A249B56B28FF2F4C00B0F0DF /* ICoordinator.swift */,
				A249B57228FF353D00B0F0DF /* Child */,
				A249B57128FF352C00B0F0DF /* Parent */,
				A249B57028FF348A00B0F0DF /* Root */,
			);
			path = Coordinator;
			sourceTree = "<group>";
		};
		A24DEC2928FEAD38007B1BA1 /* SupportingFiles */ = {
			isa = PBXGroup;
			children = (
				A2F94B5C28FD710D0010FF47 /* LaunchScreen.storyboard */,
				A2F94B5F28FD710D0010FF47 /* Info.plist */,
			);
			path = SupportingFiles;
			sourceTree = "<group>";
		};
		A2692C96291A826F0099D07D /* EditWE */ = {
			isa = PBXGroup;
			children = (
				A2692C97291A828F0099D07D /* ProfileEditWorkExperienceViewController.swift */,
			);
			path = EditWE;
			sourceTree = "<group>";
		};
		A26C200829182A5C0097B124 /* Edit */ = {
			isa = PBXGroup;
			children = (
				A26C200929182A700097B124 /* ProfileEditViewController.swift */,
			);
			path = Edit;
			sourceTree = "<group>";
		};
		A27367CD2902D01700F62F29 /* Login */ = {
			isa = PBXGroup;
			children = (
				A2E6DE572902720300269339 /* AuthLoginViewController.swift */,
			);
			path = Login;
			sourceTree = "<group>";
		};
		A27367CE2902D02800F62F29 /* ForgotPassword */ = {
			isa = PBXGroup;
			children = (
				A27367CF2902D05D00F62F29 /* AuthForgotPasswordViewController.swift */,
			);
			path = ForgotPassword;
			sourceTree = "<group>";
		};
		A27367D12902D39600F62F29 /* UIView */ = {
			isa = PBXGroup;
			children = (
				A27367D32902D3E200F62F29 /* GrayBorderedTextField.swift */,
				A27367D52902FAA800F62F29 /* BlueRoundedButton.swift */,
				A28E643029055A00007E429F /* ContinueWithView.swift */,
				A2FDCF5F290560DA00D9E911 /* ExternalAuthButton.swift */,
				A2FDCF6129056AD000D9E911 /* AuthBottomReferenceView.swift */,
				A2E8ECF2290D708000B3EEAC /* TagView.swift */,
				A2AAD53229154E950008D729 /* SearchFilterTableHeaderView.swift */,
				A2C20FE2291A79A70045FB54 /* WorkExperienceView.swift */,
			);
			path = UIView;
			sourceTree = "<group>";
		};
		A27367D22902D3A200F62F29 /* Resources */ = {
			isa = PBXGroup;
			children = (
				A27367D72903005800F62F29 /* Constant.swift */,
			);
			path = Resources;
			sourceTree = "<group>";
		};
		A27367D929031D9700F62F29 /* Search */ = {
			isa = PBXGroup;
			children = (
				A279E102290D3A6A00236776 /* Filter */,
				A2E6BBE629031EE5002D0586 /* Vacancies */,
			);
			path = Search;
			sourceTree = "<group>";
		};
		A279E102290D3A6A00236776 /* Filter */ = {
			isa = PBXGroup;
			children = (
				A279E103290D3ABA00236776 /* SearchFilterViewController.swift */,
				A20427B8290D4FEE0050AB56 /* SearchFilterTextFieldTableViewCell.swift */,
				A2E8ECEE290D6FAA00B3EEAC /* SearchFilterTagListTableViewCell.swift */,
				A2E8ECF4290DB05900B3EEAC /* SearchFilterTagViewCollectionViewCell.swift */,
			);
			path = Filter;
			sourceTree = "<group>";
		};
		A29A98B02905A4470069C682 /* Helpers */ = {
			isa = PBXGroup;
			children = (
				A29A98B12905A45A0069C682 /* AdaptiveLayoutHelper.swift */,
			);
			path = Helpers;
			sourceTree = "<group>";
		};
		A29A98B72905A5050069C682 /* Enums */ = {
			isa = PBXGroup;
			children = (
				A29A98B82905A5110069C682 /* Dimension.swift */,
				A29A98BA2905A5600069C682 /* Device.swift */,
			);
			path = Enums;
			sourceTree = "<group>";
		};
		A2C06A002911778300DC8E5D /* Main */ = {
			isa = PBXGroup;
			children = (
				A28E6428290438ED007E429F /* ProfileMainViewController.swift */,
				A2C06A0129118AF800DC8E5D /* ProfileMainHeaderView.swift */,
				A2D74E7429191C0400EBBFF2 /* ProfileMainTableSectionHeaderView.swift */,
				A2692C94291A7DE30099D07D /* ProfileMainInfoTableViewCell.swift */,
			);
			path = Main;
			sourceTree = "<group>";
		};
		A2E6BBE629031EE5002D0586 /* Vacancies */ = {
			isa = PBXGroup;
			children = (
				A24DEC3028FEED09007B1BA1 /* SearchVacanciesViewController.swift */,
				A2E6BBE72903DC6F002D0586 /* VacancyTableViewCell.swift */,
			);
			path = Vacancies;
			sourceTree = "<group>";
		};
		A2E6BBEB290433A3002D0586 /* Favourites */ = {
			isa = PBXGroup;
			children = (
				A24DEC3228FEED14007B1BA1 /* FavouritesViewController.swift */,
			);
			path = Favourites;
			sourceTree = "<group>";
		};
		A2E6BBEC290433AB002D0586 /* Responses */ = {
			isa = PBXGroup;
			children = (
				A28E6424290438DE007E429F /* ResponsesMainViewController.swift */,
				A2AAD534291557D10008D729 /* ResponseTableViewCell.swift */,
				A231D3022921947F00555F1A /* ResponseStatusView.swift */,
			);
			path = Responses;
			sourceTree = "<group>";
		};
		A2E6BBED290433C1002D0586 /* Messages */ = {
			isa = PBXGroup;
			children = (
				A2467E1F29105F0500AE9F98 /* Main */,
			);
			path = Messages;
			sourceTree = "<group>";
		};
		A2E6BBEE290433C7002D0586 /* Profile */ = {
			isa = PBXGroup;
			children = (
				A2692C96291A826F0099D07D /* EditWE */,
				A26C200829182A5C0097B124 /* Edit */,
				A2C06A002911778300DC8E5D /* Main */,
			);
			path = Profile;
			sourceTree = "<group>";
		};
		A2F94B4528FD710B0010FF47 = {
			isa = PBXGroup;
			children = (
				A2F94B5028FD710B0010FF47 /* Jobs */,
				A2F94B4F28FD710B0010FF47 /* Products */,
				213868F405A3FA4D7295F769 /* Pods */,
				25059DF4A7730C856EDD813E /* Frameworks */,
			);
			sourceTree = "<group>";
		};
		A2F94B4F28FD710B0010FF47 /* Products */ = {
			isa = PBXGroup;
			children = (
				A2F94B4E28FD710B0010FF47 /* Jobs.app */,
			);
			name = Products;
			sourceTree = "<group>";
		};
		A2F94B5028FD710B0010FF47 /* Jobs */ = {
			isa = PBXGroup;
			children = (
				A24DEC2928FEAD38007B1BA1 /* SupportingFiles */,
				A24DEC2728FDDA1E007B1BA1 /* Application */,
				A24DEC2628FDDA18007B1BA1 /* Resources */,
				A24DEC2528FDDA11007B1BA1 /* Source */,
			);
			path = Jobs;
			sourceTree = "<group>";
		};
/* End PBXGroup section */

/* Begin PBXNativeTarget section */
		A2F94B4D28FD710B0010FF47 /* Jobs */ = {
			isa = PBXNativeTarget;
			buildConfigurationList = A2F94B6228FD710D0010FF47 /* Build configuration list for PBXNativeTarget "Jobs" */;
			buildPhases = (
				EBFC4FFF89FC283AC8BAAAFA /* [CP] Check Pods Manifest.lock */,
				A2F94B4A28FD710B0010FF47 /* Sources */,
				A2F94B4B28FD710B0010FF47 /* Frameworks */,
				A2F94B4C28FD710B0010FF47 /* Resources */,
				A249B57C28FF3F7800B0F0DF /* ShellScript */,
				B559C0EFF2067E5AC64C19AE /* [CP] Embed Pods Frameworks */,
			);
			buildRules = (
			);
			dependencies = (
			);
			name = Jobs;
			productName = Jobs;
			productReference = A2F94B4E28FD710B0010FF47 /* Jobs.app */;
			productType = "com.apple.product-type.application";
		};
/* End PBXNativeTarget section */

/* Begin PBXProject section */
		A2F94B4628FD710B0010FF47 /* Project object */ = {
			isa = PBXProject;
			attributes = {
				BuildIndependentTargetsInParallel = 1;
				LastSwiftUpdateCheck = 1400;
				LastUpgradeCheck = 1400;
				TargetAttributes = {
					A2F94B4D28FD710B0010FF47 = {
						CreatedOnToolsVersion = 14.0.1;
					};
				};
			};
			buildConfigurationList = A2F94B4928FD710B0010FF47 /* Build configuration list for PBXProject "Jobs" */;
			compatibilityVersion = "Xcode 14.0";
			developmentRegion = en;
			hasScannedForEncodings = 0;
			knownRegions = (
				en,
				Base,
			);
			mainGroup = A2F94B4528FD710B0010FF47;
			productRefGroup = A2F94B4F28FD710B0010FF47 /* Products */;
			projectDirPath = "";
			projectRoot = "";
			targets = (
				A2F94B4D28FD710B0010FF47 /* Jobs */,
			);
		};
/* End PBXProject section */

/* Begin PBXResourcesBuildPhase section */
		A2F94B4C28FD710B0010FF47 /* Resources */ = {
			isa = PBXResourcesBuildPhase;
			buildActionMask = 2147483647;
			files = (
				A2F94B5E28FD710D0010FF47 /* LaunchScreen.storyboard in Resources */,
				A2F94B5B28FD710D0010FF47 /* Assets.xcassets in Resources */,
			);
			runOnlyForDeploymentPostprocessing = 0;
		};
/* End PBXResourcesBuildPhase section */

/* Begin PBXShellScriptBuildPhase section */
		A249B57C28FF3F7800B0F0DF /* ShellScript */ = {
			isa = PBXShellScriptBuildPhase;
			buildActionMask = 2147483647;
			files = (
			);
			inputFileListPaths = (
			);
			inputPaths = (
			);
			outputFileListPaths = (
			);
			outputPaths = (
			);
			runOnlyForDeploymentPostprocessing = 0;
			shellPath = /bin/sh;
			shellScript = "\"${PODS_ROOT}/SwiftLint/swiftlint\"\n";
		};
		B559C0EFF2067E5AC64C19AE /* [CP] Embed Pods Frameworks */ = {
			isa = PBXShellScriptBuildPhase;
			buildActionMask = 2147483647;
			files = (
			);
			inputFileListPaths = (
				"${PODS_ROOT}/Target Support Files/Pods-Jobs/Pods-Jobs-frameworks-${CONFIGURATION}-input-files.xcfilelist",
			);
			name = "[CP] Embed Pods Frameworks";
			outputFileListPaths = (
				"${PODS_ROOT}/Target Support Files/Pods-Jobs/Pods-Jobs-frameworks-${CONFIGURATION}-output-files.xcfilelist",
			);
			runOnlyForDeploymentPostprocessing = 0;
			shellPath = /bin/sh;
			shellScript = "\"${PODS_ROOT}/Target Support Files/Pods-Jobs/Pods-Jobs-frameworks.sh\"\n";
			showEnvVarsInLog = 0;
		};
		EBFC4FFF89FC283AC8BAAAFA /* [CP] Check Pods Manifest.lock */ = {
			isa = PBXShellScriptBuildPhase;
			buildActionMask = 2147483647;
			files = (
			);
			inputFileListPaths = (
			);
			inputPaths = (
				"${PODS_PODFILE_DIR_PATH}/Podfile.lock",
				"${PODS_ROOT}/Manifest.lock",
			);
			name = "[CP] Check Pods Manifest.lock";
			outputFileListPaths = (
			);
			outputPaths = (
				"$(DERIVED_FILE_DIR)/Pods-Jobs-checkManifestLockResult.txt",
			);
			runOnlyForDeploymentPostprocessing = 0;
			shellPath = /bin/sh;
			shellScript = "diff \"${PODS_PODFILE_DIR_PATH}/Podfile.lock\" \"${PODS_ROOT}/Manifest.lock\" > /dev/null\nif [ $? != 0 ] ; then\n    # print error to STDERR\n    echo \"error: The sandbox is not in sync with the Podfile.lock. Run 'pod install' or update your CocoaPods installation.\" >&2\n    exit 1\nfi\n# This output is used by Xcode 'outputs' to avoid re-running this script phase.\necho \"SUCCESS\" > \"${SCRIPT_OUTPUT_FILE_0}\"\n";
			showEnvVarsInLog = 0;
		};
/* End PBXShellScriptBuildPhase section */

/* Begin PBXSourcesBuildPhase section */
		A2F94B4A28FD710B0010FF47 /* Sources */ = {
			isa = PBXSourcesBuildPhase;
			buildActionMask = 2147483647;
			files = (
				A29A98BB2905A5600069C682 /* Device.swift in Sources */,
				A2AAD535291557D10008D729 /* ResponseTableViewCell.swift in Sources */,
				A24DEC3328FEED14007B1BA1 /* FavouritesViewController.swift in Sources */,
				A2E8ECF5290DB05900B3EEAC /* SearchFilterTagViewCollectionViewCell.swift in Sources */,
				A27367D82903005800F62F29 /* Constant.swift in Sources */,
				A2FDCF60290560DA00D9E911 /* ExternalAuthButton.swift in Sources */,
				A24DEC2D28FEC698007B1BA1 /* AuthCoordinator.swift in Sources */,
				A29895672920E2DF00C6A7DC /* FilterModel.swift in Sources */,
				A28E642F290552EE007E429F /* ProfileCoordinator.swift in Sources */,
				A27367D42902D3E200F62F29 /* GrayBorderedTextField.swift in Sources */,
				A2D74E7529191C0400EBBFF2 /* ProfileMainTableSectionHeaderView.swift in Sources */,
				A231D3032921947F00555F1A /* ResponseStatusView.swift in Sources */,
				A2C06A0229118AF800DC8E5D /* ProfileMainHeaderView.swift in Sources */,
				A249B56A28FEF43900B0F0DF /* FavouritesCoordinator.swift in Sources */,
				A24DEC3128FEED09007B1BA1 /* SearchVacanciesViewController.swift in Sources */,
				A2692C98291A828F0099D07D /* ProfileEditWorkExperienceViewController.swift in Sources */,
				A28E6429290438ED007E429F /* ProfileMainViewController.swift in Sources */,
				A24DEC2F28FEC6B5007B1BA1 /* MainCoordinator.swift in Sources */,
				A28E642D290552DD007E429F /* MessagesCoordinator.swift in Sources */,
				A28E642B290552D1007E429F /* ResponsesCoordinator.swift in Sources */,
				A2692C95291A7DE30099D07D /* ProfileMainInfoTableViewCell.swift in Sources */,
				A249B56828FEF42B00B0F0DF /* SearchCoordinator.swift in Sources */,
				A27367D62902FAA800F62F29 /* BlueRoundedButton.swift in Sources */,
				A29A98B42905A4BD0069C682 /* IntExtension.swift in Sources */,
				A29A98B92905A5110069C682 /* Dimension.swift in Sources */,
				A2AAD53329154E950008D729 /* SearchFilterTableHeaderView.swift in Sources */,
				A249B57E28FFE5B100B0F0DF /* AuthRegisterViewController.swift in Sources */,
				A2E8ECF3290D708000B3EEAC /* TagView.swift in Sources */,
				A20427B9290D4FEE0050AB56 /* SearchFilterTextFieldTableViewCell.swift in Sources */,
				A24DEC2B28FEB27E007B1BA1 /* AppCoordinator.swift in Sources */,
				A2C20FE3291A79A70045FB54 /* WorkExperienceView.swift in Sources */,
				A27367D02902D05D00F62F29 /* AuthForgotPasswordViewController.swift in Sources */,
				A2467E212910605600AE9F98 /* ChatTableViewCell.swift in Sources */,
				A28E643129055A00007E429F /* ContinueWithView.swift in Sources */,
				A28E6425290438DE007E429F /* ResponsesMainViewController.swift in Sources */,
				A2E8ECEF290D6FAA00B3EEAC /* SearchFilterTagListTableViewCell.swift in Sources */,
				A26C200A29182A700097B124 /* ProfileEditViewController.swift in Sources */,
				A279E104290D3ABA00236776 /* SearchFilterViewController.swift in Sources */,
				A29A98B22905A45A0069C682 /* AdaptiveLayoutHelper.swift in Sources */,
				A28E6427290438E6007E429F /* MessagesMainViewController.swift in Sources */,
				A2E6BBE82903DC6F002D0586 /* VacancyTableViewCell.swift in Sources */,
				A2F94B5228FD710B0010FF47 /* AppDelegate.swift in Sources */,
				A2F94B5428FD710B0010FF47 /* SceneDelegate.swift in Sources */,
				A200F973291E9B5000A44826 /* VacancyModel.swift in Sources */,
				A29A98B62905A4D90069C682 /* ArrayExtension.swift in Sources */,
				A2FDCF6229056AD000D9E911 /* AuthBottomReferenceView.swift in Sources */,
				A249B56C28FF2F4C00B0F0DF /* ICoordinator.swift in Sources */,
				A231D3012921914A00555F1A /* ResponseModel.swift in Sources */,
				A2E6DE582902720300269339 /* AuthLoginViewController.swift in Sources */,
			);
			runOnlyForDeploymentPostprocessing = 0;
		};
/* End PBXSourcesBuildPhase section */

/* Begin PBXVariantGroup section */
		A2F94B5C28FD710D0010FF47 /* LaunchScreen.storyboard */ = {
			isa = PBXVariantGroup;
			children = (
				A2F94B5D28FD710D0010FF47 /* Base */,
			);
			name = LaunchScreen.storyboard;
			sourceTree = "<group>";
		};
/* End PBXVariantGroup section */

/* Begin XCBuildConfiguration section */
		A2F94B6028FD710D0010FF47 /* Debug */ = {
			isa = XCBuildConfiguration;
			buildSettings = {
				ALWAYS_SEARCH_USER_PATHS = NO;
				CLANG_ANALYZER_NONNULL = YES;
				CLANG_ANALYZER_NUMBER_OBJECT_CONVERSION = YES_AGGRESSIVE;
				CLANG_CXX_LANGUAGE_STANDARD = "gnu++20";
				CLANG_ENABLE_MODULES = YES;
				CLANG_ENABLE_OBJC_ARC = YES;
				CLANG_ENABLE_OBJC_WEAK = YES;
				CLANG_WARN_BLOCK_CAPTURE_AUTORELEASING = YES;
				CLANG_WARN_BOOL_CONVERSION = YES;
				CLANG_WARN_COMMA = YES;
				CLANG_WARN_CONSTANT_CONVERSION = YES;
				CLANG_WARN_DEPRECATED_OBJC_IMPLEMENTATIONS = YES;
				CLANG_WARN_DIRECT_OBJC_ISA_USAGE = YES_ERROR;
				CLANG_WARN_DOCUMENTATION_COMMENTS = YES;
				CLANG_WARN_EMPTY_BODY = YES;
				CLANG_WARN_ENUM_CONVERSION = YES;
				CLANG_WARN_INFINITE_RECURSION = YES;
				CLANG_WARN_INT_CONVERSION = YES;
				CLANG_WARN_NON_LITERAL_NULL_CONVERSION = YES;
				CLANG_WARN_OBJC_IMPLICIT_RETAIN_SELF = YES;
				CLANG_WARN_OBJC_LITERAL_CONVERSION = YES;
				CLANG_WARN_OBJC_ROOT_CLASS = YES_ERROR;
				CLANG_WARN_QUOTED_INCLUDE_IN_FRAMEWORK_HEADER = YES;
				CLANG_WARN_RANGE_LOOP_ANALYSIS = YES;
				CLANG_WARN_STRICT_PROTOTYPES = YES;
				CLANG_WARN_SUSPICIOUS_MOVE = YES;
				CLANG_WARN_UNGUARDED_AVAILABILITY = YES_AGGRESSIVE;
				CLANG_WARN_UNREACHABLE_CODE = YES;
				CLANG_WARN__DUPLICATE_METHOD_MATCH = YES;
				COPY_PHASE_STRIP = NO;
				DEBUG_INFORMATION_FORMAT = dwarf;
				ENABLE_STRICT_OBJC_MSGSEND = YES;
				ENABLE_TESTABILITY = YES;
				GCC_C_LANGUAGE_STANDARD = gnu11;
				GCC_DYNAMIC_NO_PIC = NO;
				GCC_NO_COMMON_BLOCKS = YES;
				GCC_OPTIMIZATION_LEVEL = 0;
				GCC_PREPROCESSOR_DEFINITIONS = (
					"DEBUG=1",
					"$(inherited)",
				);
				GCC_WARN_64_TO_32_BIT_CONVERSION = YES;
				GCC_WARN_ABOUT_RETURN_TYPE = YES_ERROR;
				GCC_WARN_UNDECLARED_SELECTOR = YES;
				GCC_WARN_UNINITIALIZED_AUTOS = YES_AGGRESSIVE;
				GCC_WARN_UNUSED_FUNCTION = YES;
				GCC_WARN_UNUSED_VARIABLE = YES;
				IPHONEOS_DEPLOYMENT_TARGET = 14.0;
				MTL_ENABLE_DEBUG_INFO = INCLUDE_SOURCE;
				MTL_FAST_MATH = YES;
				ONLY_ACTIVE_ARCH = YES;
				SDKROOT = iphoneos;
				SWIFT_ACTIVE_COMPILATION_CONDITIONS = DEBUG;
				SWIFT_OPTIMIZATION_LEVEL = "-Onone";
			};
			name = Debug;
		};
		A2F94B6128FD710D0010FF47 /* Release */ = {
			isa = XCBuildConfiguration;
			buildSettings = {
				ALWAYS_SEARCH_USER_PATHS = NO;
				CLANG_ANALYZER_NONNULL = YES;
				CLANG_ANALYZER_NUMBER_OBJECT_CONVERSION = YES_AGGRESSIVE;
				CLANG_CXX_LANGUAGE_STANDARD = "gnu++20";
				CLANG_ENABLE_MODULES = YES;
				CLANG_ENABLE_OBJC_ARC = YES;
				CLANG_ENABLE_OBJC_WEAK = YES;
				CLANG_WARN_BLOCK_CAPTURE_AUTORELEASING = YES;
				CLANG_WARN_BOOL_CONVERSION = YES;
				CLANG_WARN_COMMA = YES;
				CLANG_WARN_CONSTANT_CONVERSION = YES;
				CLANG_WARN_DEPRECATED_OBJC_IMPLEMENTATIONS = YES;
				CLANG_WARN_DIRECT_OBJC_ISA_USAGE = YES_ERROR;
				CLANG_WARN_DOCUMENTATION_COMMENTS = YES;
				CLANG_WARN_EMPTY_BODY = YES;
				CLANG_WARN_ENUM_CONVERSION = YES;
				CLANG_WARN_INFINITE_RECURSION = YES;
				CLANG_WARN_INT_CONVERSION = YES;
				CLANG_WARN_NON_LITERAL_NULL_CONVERSION = YES;
				CLANG_WARN_OBJC_IMPLICIT_RETAIN_SELF = YES;
				CLANG_WARN_OBJC_LITERAL_CONVERSION = YES;
				CLANG_WARN_OBJC_ROOT_CLASS = YES_ERROR;
				CLANG_WARN_QUOTED_INCLUDE_IN_FRAMEWORK_HEADER = YES;
				CLANG_WARN_RANGE_LOOP_ANALYSIS = YES;
				CLANG_WARN_STRICT_PROTOTYPES = YES;
				CLANG_WARN_SUSPICIOUS_MOVE = YES;
				CLANG_WARN_UNGUARDED_AVAILABILITY = YES_AGGRESSIVE;
				CLANG_WARN_UNREACHABLE_CODE = YES;
				CLANG_WARN__DUPLICATE_METHOD_MATCH = YES;
				COPY_PHASE_STRIP = NO;
				DEBUG_INFORMATION_FORMAT = "dwarf-with-dsym";
				ENABLE_NS_ASSERTIONS = NO;
				ENABLE_STRICT_OBJC_MSGSEND = YES;
				GCC_C_LANGUAGE_STANDARD = gnu11;
				GCC_NO_COMMON_BLOCKS = YES;
				GCC_WARN_64_TO_32_BIT_CONVERSION = YES;
				GCC_WARN_ABOUT_RETURN_TYPE = YES_ERROR;
				GCC_WARN_UNDECLARED_SELECTOR = YES;
				GCC_WARN_UNINITIALIZED_AUTOS = YES_AGGRESSIVE;
				GCC_WARN_UNUSED_FUNCTION = YES;
				GCC_WARN_UNUSED_VARIABLE = YES;
				IPHONEOS_DEPLOYMENT_TARGET = 14.0;
				MTL_ENABLE_DEBUG_INFO = NO;
				MTL_FAST_MATH = YES;
				SDKROOT = iphoneos;
				SWIFT_COMPILATION_MODE = wholemodule;
				SWIFT_OPTIMIZATION_LEVEL = "-O";
				VALIDATE_PRODUCT = YES;
			};
			name = Release;
		};
		A2F94B6328FD710D0010FF47 /* Debug */ = {
			isa = XCBuildConfiguration;
			baseConfigurationReference = D3F3A284384B3A880C332A42 /* Pods-Jobs.debug.xcconfig */;
			buildSettings = {
				ASSETCATALOG_COMPILER_APPICON_NAME = AppIcon;
				ASSETCATALOG_COMPILER_GLOBAL_ACCENT_COLOR_NAME = AccentColor;
				CODE_SIGN_STYLE = Automatic;
				CURRENT_PROJECT_VERSION = 1;
				DEVELOPMENT_TEAM = S75KQYF72G;
				GENERATE_INFOPLIST_FILE = YES;
				INFOPLIST_FILE = Jobs/SupportingFiles/Info.plist;
				INFOPLIST_KEY_UIApplicationSupportsIndirectInputEvents = YES;
				INFOPLIST_KEY_UILaunchStoryboardName = LaunchScreen;
				INFOPLIST_KEY_UIStatusBarStyle = "";
				INFOPLIST_KEY_UISupportedInterfaceOrientations = UIInterfaceOrientationPortrait;
				IPHONEOS_DEPLOYMENT_TARGET = 14.0;
				LD_RUNPATH_SEARCH_PATHS = (
					"$(inherited)",
					"@executable_path/Frameworks",
				);
				MARKETING_VERSION = 1.0;
				PRODUCT_BUNDLE_IDENTIFIER = mr.soft.Jobs;
				PRODUCT_NAME = "$(TARGET_NAME)";
				SUPPORTED_PLATFORMS = "iphoneos iphonesimulator";
				SUPPORTS_MACCATALYST = NO;
				SUPPORTS_MAC_DESIGNED_FOR_IPHONE_IPAD = NO;
				SWIFT_EMIT_LOC_STRINGS = YES;
				SWIFT_VERSION = 5.0;
				TARGETED_DEVICE_FAMILY = 1;
			};
			name = Debug;
		};
		A2F94B6428FD710D0010FF47 /* Release */ = {
			isa = XCBuildConfiguration;
			baseConfigurationReference = 67489DC3B888F0229EE9FC10 /* Pods-Jobs.release.xcconfig */;
			buildSettings = {
				ASSETCATALOG_COMPILER_APPICON_NAME = AppIcon;
				ASSETCATALOG_COMPILER_GLOBAL_ACCENT_COLOR_NAME = AccentColor;
				CODE_SIGN_STYLE = Automatic;
				CURRENT_PROJECT_VERSION = 1;
				DEVELOPMENT_TEAM = S75KQYF72G;
				GENERATE_INFOPLIST_FILE = YES;
				INFOPLIST_FILE = Jobs/SupportingFiles/Info.plist;
				INFOPLIST_KEY_UIApplicationSupportsIndirectInputEvents = YES;
				INFOPLIST_KEY_UILaunchStoryboardName = LaunchScreen;
				INFOPLIST_KEY_UIStatusBarStyle = "";
				INFOPLIST_KEY_UISupportedInterfaceOrientations = UIInterfaceOrientationPortrait;
				IPHONEOS_DEPLOYMENT_TARGET = 14.0;
				LD_RUNPATH_SEARCH_PATHS = (
					"$(inherited)",
					"@executable_path/Frameworks",
				);
				MARKETING_VERSION = 1.0;
				PRODUCT_BUNDLE_IDENTIFIER = mr.soft.Jobs;
				PRODUCT_NAME = "$(TARGET_NAME)";
				SUPPORTED_PLATFORMS = "iphoneos iphonesimulator";
				SUPPORTS_MACCATALYST = NO;
				SUPPORTS_MAC_DESIGNED_FOR_IPHONE_IPAD = NO;
				SWIFT_EMIT_LOC_STRINGS = YES;
				SWIFT_VERSION = 5.0;
				TARGETED_DEVICE_FAMILY = 1;
			};
			name = Release;
		};
/* End XCBuildConfiguration section */

/* Begin XCConfigurationList section */
		A2F94B4928FD710B0010FF47 /* Build configuration list for PBXProject "Jobs" */ = {
			isa = XCConfigurationList;
			buildConfigurations = (
				A2F94B6028FD710D0010FF47 /* Debug */,
				A2F94B6128FD710D0010FF47 /* Release */,
			);
			defaultConfigurationIsVisible = 0;
			defaultConfigurationName = Release;
		};
		A2F94B6228FD710D0010FF47 /* Build configuration list for PBXNativeTarget "Jobs" */ = {
			isa = XCConfigurationList;
			buildConfigurations = (
				A2F94B6328FD710D0010FF47 /* Debug */,
				A2F94B6428FD710D0010FF47 /* Release */,
			);
			defaultConfigurationIsVisible = 0;
			defaultConfigurationName = Release;
		};
/* End XCConfigurationList section */
	};
	rootObject = A2F94B4628FD710B0010FF47 /* Project object */;
}
